
Microsoft Visual Studio Solution File, Format Version 12.00
# Visual Studio Version 16
VisualStudioVersion = 16.0.30413.136
MinimumVisualStudioVersion = 10.0.40219.1
Project("{9A19103F-16F7-4668-BE54-9A1E7A4F7556}") = "SimpleProjectForSE02", "SimpleProjectForSE02\SimpleProjectForSE02.csproj", "{1B5409AC-0977-4090-A520-4FCF64263432}"
EndProject
Project("{FAE04EC0-301F-11D3-BF4B-00C04F79EFBC}") = "Domain", "Domain\Domain.csproj", "{EB82CFB4-3FF0-4316-AC65-6AFCBD9E008E}"
EndProject
Project("{FAE04EC0-301F-11D3-BF4B-00C04F79EFBC}") = "DataTransfer", "DataTransfer\DataTransfer.csproj", "{2FA76ACE-4C3F-4EE7-988F-8272C105DBC7}"
EndProject
Global
	GlobalSection(SolutionConfigurationPlatforms) = preSolution
		Debug|Any CPU = Debug|Any CPU
		Release|Any CPU = Release|Any CPU
	EndGlobalSection
	GlobalSection(ProjectConfigurationPlatforms) = postSolution
		{1B5409AC-0977-4090-A520-4FCF64263432}.Debug|Any CPU.ActiveCfg = Debug|Any CPU
		{1B5409AC-0977-4090-A520-4FCF64263432}.Debug|Any CPU.Build.0 = Debug|Any CPU
		{1B5409AC-0977-4090-A520-4FCF64263432}.Release|Any CPU.ActiveCfg = Release|Any CPU
		{1B5409AC-0977-4090-A520-4FCF64263432}.Release|Any CPU.Build.0 = Release|Any CPU
		{EB82CFB4-3FF0-4316-AC65-6AFCBD9E008E}.Debug|Any CPU.ActiveCfg = Debug|Any CPU
		{EB82CFB4-3FF0-4316-AC65-6AFCBD9E008E}.Debug|Any CPU.Build.0 = Debug|Any CPU
		{EB82CFB4-3FF0-4316-AC65-6AFCBD9E008E}.Release|Any CPU.ActiveCfg = Release|Any CPU
		{EB82CFB4-3FF0-4316-AC65-6AFCBD9E008E}.Release|Any CPU.Build.0 = Release|Any CPU
		{2FA76ACE-4C3F-4EE7-988F-8272C105DBC7}.Debug|Any CPU.ActiveCfg = Debug|Any CPU
		{2FA76ACE-4C3F-4EE7-988F-8272C105DBC7}.Debug|Any CPU.Build.0 = Debug|Any CPU
		{2FA76ACE-4C3F-4EE7-988F-8272C105DBC7}.Release|Any CPU.ActiveCfg = Release|Any CPU
		{2FA76ACE-4C3F-4EE7-988F-8272C105DBC7}.Release|Any CPU.Build.0 = Release|Any CPU
	EndGlobalSection
	GlobalSection(SolutionProperties) = preSolution
		HideSolutionNode = FALSE
	EndGlobalSection
	GlobalSection(ExtensibilityGlobals) = postSolution
		SolutionGuid = {FE563B24-001F-4B75-A179-D3451A7576B0}
	EndGlobalSection
EndGlobal
